
Microsoft Visual Studio Solution File, Format Version 12.00
# Visual Studio 15
VisualStudioVersion = 15.0.28010.2036
MinimumVisualStudioVersion = 10.0.40219.1
Project("{FAE04EC0-301F-11D3-BF4B-00C04F79EFBC}") = "EntityNH", "EntityNH.csproj", "{1F1040E1-ECBA-4ECD-A8FB-6220038E26DC}"
EndProject
Global
	GlobalSection(SolutionConfigurationPlatforms) = preSolution
		Debug|Any CPU = Debug|Any CPU
		Release|Any CPU = Release|Any CPU
	EndGlobalSection
	GlobalSection(ProjectConfigurationPlatforms) = postSolution
		{1F1040E1-ECBA-4ECD-A8FB-6220038E26DC}.Debug|Any CPU.ActiveCfg = Debug|Any CPU
		{1F1040E1-ECBA-4ECD-A8FB-6220038E26DC}.Debug|Any CPU.Build.0 = Debug|Any CPU
		{1F1040E1-ECBA-4ECD-A8FB-6220038E26DC}.Release|Any CPU.ActiveCfg = Release|Any CPU
		{1F1040E1-ECBA-4ECD-A8FB-6220038E26DC}.Release|Any CPU.Build.0 = Release|Any CPU
	EndGlobalSection
	GlobalSection(SolutionProperties) = preSolution
		HideSolutionNode = FALSE
	EndGlobalSection
	GlobalSection(ExtensibilityGlobals) = postSolution
		SolutionGuid = {F630CD0A-B3CC-47EF-9E17-66EB5657929B}
	EndGlobalSection
EndGlobal
